{
  "name": "qr-coder",
  "version": "1.0.0",
  "lockfileVersion": 2,
  "requires": true,
  "packages": {
    "": {
      "name": "qr-coder",
      "version": "1.0.0",
      "license": "ISC",
      "dependencies": {
        "barcoder": "^2.0.1",
        "html5-qrcode": "^2.3.4"
      }
    },
    "node_modules/barcoder": {
      "version": "2.0.1",
      "resolved": "https://registry.npmjs.org/barcoder/-/barcoder-2.0.1.tgz",
      "integrity": "sha512-s/zGVJi4dlRSeyXflOnyI814N+loGAxW2ZV6FI/EeGwmTV/hHur4ypr8H1TCbnf0WxModgqxk2ZnNoc+sXqIOw=="
    },
    "node_modules/html5-qrcode": {
      "version": "2.3.4",
      "resolved": "https://registry.npmjs.org/html5-qrcode/-/html5-qrcode-2.3.4.tgz",
      "integrity": "sha512-VPZrOTG8XR9HmIAhSSiGtJVPErZxKy/DuGc9cPQLburCWZEbvxQGJP9y4K4P+8vdalLtYB/vM5YP1BdWQKZ8jQ=="
    }
  },
  "dependencies": {
    "barcoder": {
      "version": "2.0.1",
      "resolved": "https://registry.npmjs.org/barcoder/-/barcoder-2.0.1.tgz",
      "integrity": "sha512-s/zGVJi4dlRSeyXflOnyI814N+loGAxW2ZV6FI/EeGwmTV/hHur4ypr8H1TCbnf0WxModgqxk2ZnNoc+sXqIOw=="
    },
    "html5-qrcode": {
      "version": "2.3.4",
      "resolved": "https://registry.npmjs.org/html5-qrcode/-/html5-qrcode-2.3.4.tgz",
      "integrity": "sha512-VPZrOTG8XR9HmIAhSSiGtJVPErZxKy/DuGc9cPQLburCWZEbvxQGJP9y4K4P+8vdalLtYB/vM5YP1BdWQKZ8jQ=="
    }
  }
}
